// !$*UTF8*$!
{
	archiveVersion = 1;
	classes = {
	};
	objectVersion = 56;
	objects = {

/* Begin PBXBuildFile section */
		6EEB8FAF2C1A11FD00CBCD86 /* RealityKitContent in Frameworks */ = {isa = PBXBuildFile; productRef = 6EEB8FAE2C1A11FD00CBCD86 /* RealityKitContent */; };
		6EEB8FB12C1A11FD00CBCD86 /* Practica_RealityKit_AGGAApp.swift in Sources */ = {isa = PBXBuildFile; fileRef = 6EEB8FB02C1A11FD00CBCD86 /* Practica_RealityKit_AGGAApp.swift */; };
		6EEB8FB32C1A11FD00CBCD86 /* ContentView.swift in Sources */ = {isa = PBXBuildFile; fileRef = 6EEB8FB22C1A11FD00CBCD86 /* ContentView.swift */; };
		6EEB8FB52C1A11FD00CBCD86 /* ImmersiveView.swift in Sources */ = {isa = PBXBuildFile; fileRef = 6EEB8FB42C1A11FD00CBCD86 /* ImmersiveView.swift */; };
		6EEB8FB72C1A11FF00CBCD86 /* Assets.xcassets in Resources */ = {isa = PBXBuildFile; fileRef = 6EEB8FB62C1A11FF00CBCD86 /* Assets.xcassets */; };
		6EEB8FBA2C1A11FF00CBCD86 /* Preview Assets.xcassets in Resources */ = {isa = PBXBuildFile; fileRef = 6EEB8FB92C1A11FF00CBCD86 /* Preview Assets.xcassets */; };
/* End PBXBuildFile section */

/* Begin PBXFileReference section */
		6EEB8FA92C1A11FD00CBCD86 /* Practica_RealityKit_AGGA.app */ = {isa = PBXFileReference; explicitFileType = wrapper.application; includeInIndex = 0; path = Practica_RealityKit_AGGA.app; sourceTree = BUILT_PRODUCTS_DIR; };
		6EEB8FAD2C1A11FD00CBCD86 /* RealityKitContent */ = {isa = PBXFileReference; lastKnownFileType = wrapper; path = RealityKitContent; sourceTree = "<group>"; };
		6EEB8FB02C1A11FD00CBCD86 /* Practica_RealityKit_AGGAApp.swift */ = {isa = PBXFileReference; lastKnownFileType = sourcecode.swift; path = Practica_RealityKit_AGGAApp.swift; sourceTree = "<group>"; };
		6EEB8FB22C1A11FD00CBCD86 /* ContentView.swift */ = {isa = PBXFileReference; lastKnownFileType = sourcecode.swift; path = ContentView.swift; sourceTree = "<group>"; };
		6EEB8FB42C1A11FD00CBCD86 /* ImmersiveView.swift */ = {isa = PBXFileReference; lastKnownFileType = sourcecode.swift; path = ImmersiveView.swift; sourceTree = "<group>"; };
		6EEB8FB62C1A11FF00CBCD86 /* Assets.xcassets */ = {isa = PBXFileReference; lastKnownFileType = folder.assetcatalog; path = Assets.xcassets; sourceTree = "<group>"; };
		6EEB8FB92C1A11FF00CBCD86 /* Preview Assets.xcassets */ = {isa = PBXFileReference; lastKnownFileType = folder.assetcatalog; path = "Preview Assets.xcassets"; sourceTree = "<group>"; };
		6EEB8FBB2C1A11FF00CBCD86 /* Info.plist */ = {isa = PBXFileReference; lastKnownFileType = text.plist.xml; path = Info.plist; sourceTree = "<group>"; };
/* End PBXFileReference section */

/* Begin PBXFrameworksBuildPhase section */
		6EEB8FA62C1A11FD00CBCD86 /* Frameworks */ = {
			isa = PBXFrameworksBuildPhase;
			buildActionMask = 2147483647;
			files = (
				6EEB8FAF2C1A11FD00CBCD86 /* RealityKitContent in Frameworks */,
			);
			runOnlyForDeploymentPostprocessing = 0;
		};
/* End PBXFrameworksBuildPhase section */

/* Begin PBXGroup section */
		6EEB8FA02C1A11FD00CBCD86 = {
			isa = PBXGroup;
			children = (
				6EEB8FAB2C1A11FD00CBCD86 /* Practica_RealityKit_AGGA */,
				6EEB8FAC2C1A11FD00CBCD86 /* Packages */,
				6EEB8FAA2C1A11FD00CBCD86 /* Products */,
			);
			sourceTree = "<group>";
		};
		6EEB8FAA2C1A11FD00CBCD86 /* Products */ = {
			isa = PBXGroup;
			children = (
				6EEB8FA92C1A11FD00CBCD86 /* Practica_RealityKit_AGGA.app */,
			);
			name = Products;
			sourceTree = "<group>";
		};
		6EEB8FAB2C1A11FD00CBCD86 /* Practica_RealityKit_AGGA */ = {
			isa = PBXGroup;
			children = (
				6EEB8FB02C1A11FD00CBCD86 /* Practica_RealityKit_AGGAApp.swift */,
				6EEB8FB22C1A11FD00CBCD86 /* ContentView.swift */,
				6EEB8FB42C1A11FD00CBCD86 /* ImmersiveView.swift */,
				6EEB8FB62C1A11FF00CBCD86 /* Assets.xcassets */,
				6EEB8FBB2C1A11FF00CBCD86 /* Info.plist */,
				6EEB8FB82C1A11FF00CBCD86 /* Preview Content */,
			);
			path = Practica_RealityKit_AGGA;
			sourceTree = "<group>";
		};
		6EEB8FAC2C1A11FD00CBCD86 /* Packages */ = {
			isa = PBXGroup;
			children = (
				6EEB8FAD2C1A11FD00CBCD86 /* RealityKitContent */,
			);
			path = Packages;
			sourceTree = "<group>";
		};
		6EEB8FB82C1A11FF00CBCD86 /* Preview Content */ = {
			isa = PBXGroup;
			children = (
				6EEB8FB92C1A11FF00CBCD86 /* Preview Assets.xcassets */,
			);
			path = "Preview Content";
			sourceTree = "<group>";
		};
/* End PBXGroup section */

/* Begin PBXNativeTarget section */
		6EEB8FA82C1A11FD00CBCD86 /* Practica_RealityKit_AGGA */ = {
			isa = PBXNativeTarget;
			buildConfigurationList = 6EEB8FBE2C1A11FF00CBCD86 /* Build configuration list for PBXNativeTarget "Practica_RealityKit_AGGA" */;
			buildPhases = (
				6EEB8FA52C1A11FD00CBCD86 /* Sources */,
				6EEB8FA62C1A11FD00CBCD86 /* Frameworks */,
				6EEB8FA72C1A11FD00CBCD86 /* Resources */,
			);
			buildRules = (
			);
			dependencies = (
			);
			name = Practica_RealityKit_AGGA;
			packageProductDependencies = (
				6EEB8FAE2C1A11FD00CBCD86 /* RealityKitContent */,
			);
			productName = Practica_RealityKit_AGGA;
			productReference = 6EEB8FA92C1A11FD00CBCD86 /* Practica_RealityKit_AGGA.app */;
			productType = "com.apple.product-type.application";
		};
/* End PBXNativeTarget section */

/* Begin PBXProject section */
		6EEB8FA12C1A11FD00CBCD86 /* Project object */ = {
			isa = PBXProject;
			attributes = {
				BuildIndependentTargetsInParallel = 1;
				LastSwiftUpdateCheck = 1540;
				LastUpgradeCheck = 1540;
				TargetAttributes = {
					6EEB8FA82C1A11FD00CBCD86 = {
						CreatedOnToolsVersion = 15.4;
					};
				};
			};
			buildConfigurationList = 6EEB8FA42C1A11FD00CBCD86 /* Build configuration list for PBXProject "Practica_RealityKit_AGGA" */;
			compatibilityVersion = "Xcode 14.0";
			developmentRegion = en;
			hasScannedForEncodings = 0;
			knownRegions = (
				en,
				Base,
			);
			mainGroup = 6EEB8FA02C1A11FD00CBCD86;
			productRefGroup = 6EEB8FAA2C1A11FD00CBCD86 /* Products */;
			projectDirPath = "";
			projectRoot = "";
			targets = (
				6EEB8FA82C1A11FD00CBCD86 /* Practica_RealityKit_AGGA */,
			);
		};
/* End PBXProject section */

/* Begin PBXResourcesBuildPhase section */
		6EEB8FA72C1A11FD00CBCD86 /* Resources */ = {
			isa = PBXResourcesBuildPhase;
			buildActionMask = 2147483647;
			files = (
				6EEB8FBA2C1A11FF00CBCD86 /* Preview Assets.xcassets in Resources */,
				6EEB8FB72C1A11FF00CBCD86 /* Assets.xcassets in Resources */,
			);
			runOnlyForDeploymentPostprocessing = 0;
		};
/* End PBXResourcesBuildPhase section */

/* Begin PBXSourcesBuildPhase section */
		6EEB8FA52C1A11FD00CBCD86 /* Sources */ = {
			isa = PBXSourcesBuildPhase;
			buildActionMask = 2147483647;
			files = (
				6EEB8FB32C1A11FD00CBCD86 /* ContentView.swift in Sources */,
				6EEB8FB12C1A11FD00CBCD86 /* Practica_RealityKit_AGGAApp.swift in Sources */,
				6EEB8FB52C1A11FD00CBCD86 /* ImmersiveView.swift in Sources */,
			);
			runOnlyForDeploymentPostprocessing = 0;
		};
/* End PBXSourcesBuildPhase section */

/* Begin XCBuildConfiguration section */
		6EEB8FBC2C1A11FF00CBCD86 /* Debug */ = {
			isa = XCBuildConfiguration;
			buildSettings = {
				ALWAYS_SEARCH_USER_PATHS = NO;
				ASSETCATALOG_COMPILER_GENERATE_SWIFT_ASSET_SYMBOL_EXTENSIONS = YES;
				CLANG_ANALYZER_NONNULL = YES;
				CLANG_ANALYZER_NUMBER_OBJECT_CONVERSION = YES_AGGRESSIVE;
				CLANG_CXX_LANGUAGE_STANDARD = "gnu++20";
				CLANG_ENABLE_MODULES = YES;
				CLANG_ENABLE_OBJC_ARC = YES;
				CLANG_ENABLE_OBJC_WEAK = YES;
				CLANG_WARN_BLOCK_CAPTURE_AUTORELEASING = YES;
				CLANG_WARN_BOOL_CONVERSION = YES;
				CLANG_WARN_COMMA = YES;
				CLANG_WARN_CONSTANT_CONVERSION = YES;
				CLANG_WARN_DEPRECATED_OBJC_IMPLEMENTATIONS = YES;
				CLANG_WARN_DIRECT_OBJC_ISA_USAGE = YES_ERROR;
				CLANG_WARN_DOCUMENTATION_COMMENTS = YES;
				CLANG_WARN_EMPTY_BODY = YES;
				CLANG_WARN_ENUM_CONVERSION = YES;
				CLANG_WARN_INFINITE_RECURSION = YES;
				CLANG_WARN_INT_CONVERSION = YES;
				CLANG_WARN_NON_LITERAL_NULL_CONVERSION = YES;
				CLANG_WARN_OBJC_IMPLICIT_RETAIN_SELF = YES;
				CLANG_WARN_OBJC_LITERAL_CONVERSION = YES;
				CLANG_WARN_OBJC_ROOT_CLASS = YES_ERROR;
				CLANG_WARN_QUOTED_INCLUDE_IN_FRAMEWORK_HEADER = YES;
				CLANG_WARN_RANGE_LOOP_ANALYSIS = YES;
				CLANG_WARN_STRICT_PROTOTYPES = YES;
				CLANG_WARN_SUSPICIOUS_MOVE = YES;
				CLANG_WARN_UNGUARDED_AVAILABILITY = YES_AGGRESSIVE;
				CLANG_WARN_UNREACHABLE_CODE = YES;
				CLANG_WARN__DUPLICATE_METHOD_MATCH = YES;
				COPY_PHASE_STRIP = NO;
				DEBUG_INFORMATION_FORMAT = dwarf;
				ENABLE_STRICT_OBJC_MSGSEND = YES;
				ENABLE_TESTABILITY = YES;
				ENABLE_USER_SCRIPT_SANDBOXING = YES;
				GCC_C_LANGUAGE_STANDARD = gnu17;
				GCC_DYNAMIC_NO_PIC = NO;
				GCC_NO_COMMON_BLOCKS = YES;
				GCC_OPTIMIZATION_LEVEL = 0;
				GCC_PREPROCESSOR_DEFINITIONS = (
					"DEBUG=1",
					"$(inherited)",
				);
				GCC_WARN_64_TO_32_BIT_CONVERSION = YES;
				GCC_WARN_ABOUT_RETURN_TYPE = YES_ERROR;
				GCC_WARN_UNDECLARED_SELECTOR = YES;
				GCC_WARN_UNINITIALIZED_AUTOS = YES_AGGRESSIVE;
				GCC_WARN_UNUSED_FUNCTION = YES;
				GCC_WARN_UNUSED_VARIABLE = YES;
				LOCALIZATION_PREFERS_STRING_CATALOGS = YES;
				MTL_ENABLE_DEBUG_INFO = INCLUDE_SOURCE;
				MTL_FAST_MATH = YES;
				ONLY_ACTIVE_ARCH = YES;
				SDKROOT = xros;
				SWIFT_ACTIVE_COMPILATION_CONDITIONS = "DEBUG $(inherited)";
				SWIFT_OPTIMIZATION_LEVEL = "-Onone";
				XROS_DEPLOYMENT_TARGET = 1.2;
			};
			name = Debug;
		};
		6EEB8FBD2C1A11FF00CBCD86 /* Release */ = {
			isa = XCBuildConfiguration;
			buildSettings = {
				ALWAYS_SEARCH_USER_PATHS = NO;
				ASSETCATALOG_COMPILER_GENERATE_SWIFT_ASSET_SYMBOL_EXTENSIONS = YES;
				CLANG_ANALYZER_NONNULL = YES;
				CLANG_ANALYZER_NUMBER_OBJECT_CONVERSION = YES_AGGRESSIVE;
				CLANG_CXX_LANGUAGE_STANDARD = "gnu++20";
				CLANG_ENABLE_MODULES = YES;
				CLANG_ENABLE_OBJC_ARC = YES;
				CLANG_ENABLE_OBJC_WEAK = YES;
				CLANG_WARN_BLOCK_CAPTURE_AUTORELEASING = YES;
				CLANG_WARN_BOOL_CONVERSION = YES;
				CLANG_WARN_COMMA = YES;
				CLANG_WARN_CONSTANT_CONVERSION = YES;
				CLANG_WARN_DEPRECATED_OBJC_IMPLEMENTATIONS = YES;
				CLANG_WARN_DIRECT_OBJC_ISA_USAGE = YES_ERROR;
				CLANG_WARN_DOCUMENTATION_COMMENTS = YES;
				CLANG_WARN_EMPTY_BODY = YES;
				CLANG_WARN_ENUM_CONVERSION = YES;
				CLANG_WARN_INFINITE_RECURSION = YES;
				CLANG_WARN_INT_CONVERSION = YES;
				CLANG_WARN_NON_LITERAL_NULL_CONVERSION = YES;
				CLANG_WARN_OBJC_IMPLICIT_RETAIN_SELF = YES;
				CLANG_WARN_OBJC_LITERAL_CONVERSION = YES;
				CLANG_WARN_OBJC_ROOT_CLASS = YES_ERROR;
				CLANG_WARN_QUOTED_INCLUDE_IN_FRAMEWORK_HEADER = YES;
				CLANG_WARN_RANGE_LOOP_ANALYSIS = YES;
				CLANG_WARN_STRICT_PROTOTYPES = YES;
				CLANG_WARN_SUSPICIOUS_MOVE = YES;
				CLANG_WARN_UNGUARDED_AVAILABILITY = YES_AGGRESSIVE;
				CLANG_WARN_UNREACHABLE_CODE = YES;
				CLANG_WARN__DUPLICATE_METHOD_MATCH = YES;
				COPY_PHASE_STRIP = NO;
				DEBUG_INFORMATION_FORMAT = "dwarf-with-dsym";
				ENABLE_NS_ASSERTIONS = NO;
				ENABLE_STRICT_OBJC_MSGSEND = YES;
				ENABLE_USER_SCRIPT_SANDBOXING = YES;
				GCC_C_LANGUAGE_STANDARD = gnu17;
				GCC_NO_COMMON_BLOCKS = YES;
				GCC_WARN_64_TO_32_BIT_CONVERSION = YES;
				GCC_WARN_ABOUT_RETURN_TYPE = YES_ERROR;
				GCC_WARN_UNDECLARED_SELECTOR = YES;
				GCC_WARN_UNINITIALIZED_AUTOS = YES_AGGRESSIVE;
				GCC_WARN_UNUSED_FUNCTION = YES;
				GCC_WARN_UNUSED_VARIABLE = YES;
				LOCALIZATION_PREFERS_STRING_CATALOGS = YES;
				MTL_ENABLE_DEBUG_INFO = NO;
				MTL_FAST_MATH = YES;
				SDKROOT = xros;
				SWIFT_COMPILATION_MODE = wholemodule;
				VALIDATE_PRODUCT = YES;
				XROS_DEPLOYMENT_TARGET = 1.2;
			};
			name = Release;
		};
		6EEB8FBF2C1A11FF00CBCD86 /* Debug */ = {
			isa = XCBuildConfiguration;
			buildSettings = {
				ASSETCATALOG_COMPILER_APPICON_NAME = AppIcon;
				ASSETCATALOG_COMPILER_GLOBAL_ACCENT_COLOR_NAME = AccentColor;
				CODE_SIGN_STYLE = Automatic;
				CURRENT_PROJECT_VERSION = 1;
				DEVELOPMENT_ASSET_PATHS = "\"Practica_RealityKit_AGGA/Preview Content\"";
				DEVELOPMENT_TEAM = M26LNJLX8T;
				ENABLE_PREVIEWS = YES;
				GENERATE_INFOPLIST_FILE = YES;
				INFOPLIST_FILE = "$(TARGET_NAME)/Info.plist";
				LD_RUNPATH_SEARCH_PATHS = (
					"$(inherited)",
					"@executable_path/Frameworks",
				);
				MARKETING_VERSION = 1.0;
				PRODUCT_BUNDLE_IDENTIFIER = "com.RealityKit.agavgar.Practica-RealityKit-AGGA";
				PRODUCT_NAME = "$(TARGET_NAME)";
				SUPPORTED_PLATFORMS = "xros xrsimulator";
				SWIFT_EMIT_LOC_STRINGS = YES;
				SWIFT_VERSION = 5.0;
				TARGETED_DEVICE_FAMILY = "1,2,7";
			};
			name = Debug;
		};
		6EEB8FC02C1A11FF00CBCD86 /* Release */ = {
			isa = XCBuildConfiguration;
			buildSettings = {
				ASSETCATALOG_COMPILER_APPICON_NAME = AppIcon;
				ASSETCATALOG_COMPILER_GLOBAL_ACCENT_COLOR_NAME = AccentColor;
				CODE_SIGN_STYLE = Automatic;
				CURRENT_PROJECT_VERSION = 1;
				DEVELOPMENT_ASSET_PATHS = "\"Practica_RealityKit_AGGA/Preview Content\"";
				DEVELOPMENT_TEAM = M26LNJLX8T;
				ENABLE_PREVIEWS = YES;
				GENERATE_INFOPLIST_FILE = YES;
				INFOPLIST_FILE = "$(TARGET_NAME)/Info.plist";
				LD_RUNPATH_SEARCH_PATHS = (
					"$(inherited)",
					"@executable_path/Frameworks",
				);
				MARKETING_VERSION = 1.0;
				PRODUCT_BUNDLE_IDENTIFIER = "com.RealityKit.agavgar.Practica-RealityKit-AGGA";
				PRODUCT_NAME = "$(TARGET_NAME)";
				SUPPORTED_PLATFORMS = "xros xrsimulator";
				SWIFT_EMIT_LOC_STRINGS = YES;
				SWIFT_VERSION = 5.0;
				TARGETED_DEVICE_FAMILY = "1,2,7";
			};
			name = Release;
		};
/* End XCBuildConfiguration section */

/* Begin XCConfigurationList section */
		6EEB8FA42C1A11FD00CBCD86 /* Build configuration list for PBXProject "Practica_RealityKit_AGGA" */ = {
			isa = XCConfigurationList;
			buildConfigurations = (
				6EEB8FBC2C1A11FF00CBCD86 /* Debug */,
				6EEB8FBD2C1A11FF00CBCD86 /* Release */,
			);
			defaultConfigurationIsVisible = 0;
			defaultConfigurationName = Release;
		};
		6EEB8FBE2C1A11FF00CBCD86 /* Build configuration list for PBXNativeTarget "Practica_RealityKit_AGGA" */ = {
			isa = XCConfigurationList;
			buildConfigurations = (
				6EEB8FBF2C1A11FF00CBCD86 /* Debug */,
				6EEB8FC02C1A11FF00CBCD86 /* Release */,
			);
			defaultConfigurationIsVisible = 0;
			defaultConfigurationName = Release;
		};
/* End XCConfigurationList section */

/* Begin XCSwiftPackageProductDependency section */
		6EEB8FAE2C1A11FD00CBCD86 /* RealityKitContent */ = {
			isa = XCSwiftPackageProductDependency;
			productName = RealityKitContent;
		};
/* End XCSwiftPackageProductDependency section */
	};
	rootObject = 6EEB8FA12C1A11FD00CBCD86 /* Project object */;
}
